
Microsoft Visual Studio Solution File, Format Version 12.00
# Visual Studio Version 17
VisualStudioVersion = 17.0.31903.59
MinimumVisualStudioVersion = 10.0.40219.1
Project("{FAE04EC0-301F-11D3-BF4B-00C04F79EFBC}") = "Utilities", "Utilities\Utilities.csproj", "{2B48FE3B-FDE1-45F4-8D0D-ECED7F60A218}"
EndProject
Project("{FAE04EC0-301F-11D3-BF4B-00C04F79EFBC}") = "Utilities.Tests", "Utilities.Tests\Utilities.Tests.csproj", "{8F3EB04F-7BA8-412B-ADDB-7E043C6BF518}"
EndProject
Global
	GlobalSection(SolutionConfigurationPlatforms) = preSolution
		Debug|Any CPU = Debug|Any CPU
		Release|Any CPU = Release|Any CPU
	EndGlobalSection
	GlobalSection(SolutionProperties) = preSolution
		HideSolutionNode = FALSE
	EndGlobalSection
	GlobalSection(ProjectConfigurationPlatforms) = postSolution
		{2B48FE3B-FDE1-45F4-8D0D-ECED7F60A218}.Debug|Any CPU.ActiveCfg = Debug|Any CPU
		{2B48FE3B-FDE1-45F4-8D0D-ECED7F60A218}.Debug|Any CPU.Build.0 = Debug|Any CPU
		{2B48FE3B-FDE1-45F4-8D0D-ECED7F60A218}.Release|Any CPU.ActiveCfg = Release|Any CPU
		{2B48FE3B-FDE1-45F4-8D0D-ECED7F60A218}.Release|Any CPU.Build.0 = Release|Any CPU
		{8F3EB04F-7BA8-412B-ADDB-7E043C6BF518}.Debug|Any CPU.ActiveCfg = Debug|Any CPU
		{8F3EB04F-7BA8-412B-ADDB-7E043C6BF518}.Debug|Any CPU.Build.0 = Debug|Any CPU
		{8F3EB04F-7BA8-412B-ADDB-7E043C6BF518}.Release|Any CPU.ActiveCfg = Release|Any CPU
		{8F3EB04F-7BA8-412B-ADDB-7E043C6BF518}.Release|Any CPU.Build.0 = Release|Any CPU
	EndGlobalSection
EndGlobal
